
Microsoft Visual Studio Solution File, Format Version 12.00
# Visual Studio 2013
VisualStudioVersion = 12.0.30723.0
MinimumVisualStudioVersion = 10.0.40219.1
Project("{FAE04EC0-301F-11D3-BF4B-00C04F79EFBC}") = "Kastelo", "kastelo\Kastelo.csproj", "{EF42608B-8E7F-4229-AE43-B6090CBF03AB}"
EndProject
Project("{FAE04EC0-301F-11D3-BF4B-00C04F79EFBC}") = "Tao.CredentialStore", "Tao.CredentialStore\Tao.CredentialStore.csproj", "{7F660A55-2046-4EF6-A867-62C3DBF8FAEB}"
EndProject
Project("{FAE04EC0-301F-11D3-BF4B-00C04F79EFBC}") = "kasteloTest", "kasteloTest\kasteloTest.csproj", "{7DAB5A6B-94FB-4E72-97D0-1B1D7557AE5F}"
EndProject
Global
	GlobalSection(TeamFoundationVersionControl) = preSolution
		SccNumberOfProjects = 4
		SccEnterpriseProvider = {4CA58AB2-18FA-4F8D-95D4-32DDF27D184C}
		SccTeamFoundationServer = http://sol:8080/tfs/defaultcollection
		SccLocalPath0 = .
		SccProjectUniqueName1 = kastelo\\kastelo.csproj
		SccProjectName1 = kastelo
		SccLocalPath1 = kastelo
		SccProjectUniqueName2 = kasteloTest\\kasteloTest.csproj
		SccProjectName2 = kasteloTest
		SccLocalPath2 = kasteloTest
		SccProjectUniqueName3 = Tao.CredentialStore\\Tao.CredentialStore.csproj
		SccProjectName3 = Tao.CredentialStore
		SccLocalPath3 = Tao.CredentialStore
	EndGlobalSection
	GlobalSection(SolutionConfigurationPlatforms) = preSolution
		Debug|Any CPU = Debug|Any CPU
		Release|Any CPU = Release|Any CPU
	EndGlobalSection
	GlobalSection(ProjectConfigurationPlatforms) = postSolution
		{EF42608B-8E7F-4229-AE43-B6090CBF03AB}.Debug|Any CPU.ActiveCfg = Debug|Any CPU
		{EF42608B-8E7F-4229-AE43-B6090CBF03AB}.Debug|Any CPU.Build.0 = Debug|Any CPU
		{EF42608B-8E7F-4229-AE43-B6090CBF03AB}.Release|Any CPU.ActiveCfg = Release|Any CPU
		{EF42608B-8E7F-4229-AE43-B6090CBF03AB}.Release|Any CPU.Build.0 = Release|Any CPU
		{7F660A55-2046-4EF6-A867-62C3DBF8FAEB}.Debug|Any CPU.ActiveCfg = Debug|Any CPU
		{7F660A55-2046-4EF6-A867-62C3DBF8FAEB}.Debug|Any CPU.Build.0 = Debug|Any CPU
		{7F660A55-2046-4EF6-A867-62C3DBF8FAEB}.Release|Any CPU.ActiveCfg = Release|Any CPU
		{7F660A55-2046-4EF6-A867-62C3DBF8FAEB}.Release|Any CPU.Build.0 = Release|Any CPU
		{7DAB5A6B-94FB-4E72-97D0-1B1D7557AE5F}.Debug|Any CPU.ActiveCfg = Debug|Any CPU
		{7DAB5A6B-94FB-4E72-97D0-1B1D7557AE5F}.Debug|Any CPU.Build.0 = Debug|Any CPU
		{7DAB5A6B-94FB-4E72-97D0-1B1D7557AE5F}.Release|Any CPU.ActiveCfg = Release|Any CPU
		{7DAB5A6B-94FB-4E72-97D0-1B1D7557AE5F}.Release|Any CPU.Build.0 = Release|Any CPU
	EndGlobalSection
	GlobalSection(SolutionProperties) = preSolution
		HideSolutionNode = FALSE
	EndGlobalSection
EndGlobal
